
Microsoft Visual Studio Solution File, Format Version 12.00
# Visual Studio 15
VisualStudioVersion = 15.0.28307.489
MinimumVisualStudioVersion = 10.0.40219.1
Project("{9A19103F-16F7-4668-BE54-9A1E7A4F7556}") = "SlnCibertec.Core", "SlnCibertec.Core\SlnCibertec.Core.csproj", "{F08CC6E1-AC63-493D-BC3D-9035DE96D900}"
EndProject
Project("{9A19103F-16F7-4668-BE54-9A1E7A4F7556}") = "SlnCibertec.Infra", "SlnCibertec.Infra\SlnCibertec.Infra.csproj", "{2C8E0408-712E-4ACC-B705-83365BC677E2}"
EndProject
Project("{9A19103F-16F7-4668-BE54-9A1E7A4F7556}") = "SlnCibertec.Consola", "SlnCibertec.Consola\SlnCibertec.Consola.csproj", "{3DE04B87-AAFB-4334-885F-D3EEEBAA4F86}"
EndProject
Project("{9A19103F-16F7-4668-BE54-9A1E7A4F7556}") = "SlnCibertec.Api", "SlnCibertec.Api\SlnCibertec.Api.csproj", "{C83829AE-9B8B-454E-801F-B50AB3E4A87D}"
EndProject
Project("{FAE04EC0-301F-11D3-BF4B-00C04F79EFBC}") = "SlnCibertec.Tests", "SlnCibertec.Tests\SlnCibertec.Tests.csproj", "{9E2E910A-DB38-47BD-8B21-A94BF233E924}"
EndProject
Global
	GlobalSection(SolutionConfigurationPlatforms) = preSolution
		Debug|Any CPU = Debug|Any CPU
		Release|Any CPU = Release|Any CPU
	EndGlobalSection
	GlobalSection(ProjectConfigurationPlatforms) = postSolution
		{F08CC6E1-AC63-493D-BC3D-9035DE96D900}.Debug|Any CPU.ActiveCfg = Debug|Any CPU
		{F08CC6E1-AC63-493D-BC3D-9035DE96D900}.Debug|Any CPU.Build.0 = Debug|Any CPU
		{F08CC6E1-AC63-493D-BC3D-9035DE96D900}.Release|Any CPU.ActiveCfg = Release|Any CPU
		{F08CC6E1-AC63-493D-BC3D-9035DE96D900}.Release|Any CPU.Build.0 = Release|Any CPU
		{2C8E0408-712E-4ACC-B705-83365BC677E2}.Debug|Any CPU.ActiveCfg = Debug|Any CPU
		{2C8E0408-712E-4ACC-B705-83365BC677E2}.Debug|Any CPU.Build.0 = Debug|Any CPU
		{2C8E0408-712E-4ACC-B705-83365BC677E2}.Release|Any CPU.ActiveCfg = Release|Any CPU
		{2C8E0408-712E-4ACC-B705-83365BC677E2}.Release|Any CPU.Build.0 = Release|Any CPU
		{3DE04B87-AAFB-4334-885F-D3EEEBAA4F86}.Debug|Any CPU.ActiveCfg = Debug|Any CPU
		{3DE04B87-AAFB-4334-885F-D3EEEBAA4F86}.Debug|Any CPU.Build.0 = Debug|Any CPU
		{3DE04B87-AAFB-4334-885F-D3EEEBAA4F86}.Release|Any CPU.ActiveCfg = Release|Any CPU
		{3DE04B87-AAFB-4334-885F-D3EEEBAA4F86}.Release|Any CPU.Build.0 = Release|Any CPU
		{C83829AE-9B8B-454E-801F-B50AB3E4A87D}.Debug|Any CPU.ActiveCfg = Debug|Any CPU
		{C83829AE-9B8B-454E-801F-B50AB3E4A87D}.Debug|Any CPU.Build.0 = Debug|Any CPU
		{C83829AE-9B8B-454E-801F-B50AB3E4A87D}.Release|Any CPU.ActiveCfg = Release|Any CPU
		{C83829AE-9B8B-454E-801F-B50AB3E4A87D}.Release|Any CPU.Build.0 = Release|Any CPU
		{9E2E910A-DB38-47BD-8B21-A94BF233E924}.Debug|Any CPU.ActiveCfg = Debug|Any CPU
		{9E2E910A-DB38-47BD-8B21-A94BF233E924}.Debug|Any CPU.Build.0 = Debug|Any CPU
		{9E2E910A-DB38-47BD-8B21-A94BF233E924}.Release|Any CPU.ActiveCfg = Release|Any CPU
		{9E2E910A-DB38-47BD-8B21-A94BF233E924}.Release|Any CPU.Build.0 = Release|Any CPU
	EndGlobalSection
	GlobalSection(SolutionProperties) = preSolution
		HideSolutionNode = FALSE
	EndGlobalSection
	GlobalSection(ExtensibilityGlobals) = postSolution
		SolutionGuid = {AD1FD338-88D9-4114-8C93-56D0D2B97945}
	EndGlobalSection
EndGlobal
